
Microsoft Visual Studio Solution File, Format Version 12.00
# Visual Studio Version 17
VisualStudioVersion = 17.2.32616.157
MinimumVisualStudioVersion = 10.0.40219.1
Project("{FAE04EC0-301F-11D3-BF4B-00C04F79EFBC}") = "eShopSolutionWebApp", "eShopSolutionWebApp\eShopSolutionWebApp.csproj", "{00B0C2CA-A3CA-4F43-B07C-7D421DEFF85A}"
EndProject
Global
	GlobalSection(SolutionConfigurationPlatforms) = preSolution
		Debug|Any CPU = Debug|Any CPU
		Release|Any CPU = Release|Any CPU
	EndGlobalSection
	GlobalSection(ProjectConfigurationPlatforms) = postSolution
		{00B0C2CA-A3CA-4F43-B07C-7D421DEFF85A}.Debug|Any CPU.ActiveCfg = Debug|Any CPU
		{00B0C2CA-A3CA-4F43-B07C-7D421DEFF85A}.Debug|Any CPU.Build.0 = Debug|Any CPU
		{00B0C2CA-A3CA-4F43-B07C-7D421DEFF85A}.Release|Any CPU.ActiveCfg = Release|Any CPU
		{00B0C2CA-A3CA-4F43-B07C-7D421DEFF85A}.Release|Any CPU.Build.0 = Release|Any CPU
	EndGlobalSection
	GlobalSection(SolutionProperties) = preSolution
		HideSolutionNode = FALSE
	EndGlobalSection
	GlobalSection(ExtensibilityGlobals) = postSolution
		SolutionGuid = {4D0BEA59-C630-41AE-9657-1A329762D67C}
	EndGlobalSection
EndGlobal
